{
  "name": "worker-transferable-perfs",
  "version": "1.0.0",
  "lockfileVersion": 1,
  "requires": true,
  "dependencies": {
    "@tangbc/tiny-node-server": {
      "version": "1.0.7",
      "resolved": "https://registry.npmjs.org/@tangbc/tiny-node-server/-/tiny-node-server-1.0.7.tgz",
      "integrity": "sha512-7/VlS+uiAIt4Y8tewANKv1ApQpcjCIccxd9GE9efIdcO2lzYLp4nvoTWjpmGj20tw3JLDx0jGX8EPbtSm+ErpQ==",
      "dev": true
    }
  }
}
